
Microsoft Visual Studio Solution File, Format Version 12.00
# Visual Studio Version 16
VisualStudioVersion = 16.0.30717.126
MinimumVisualStudioVersion = 10.0.40219.1
Project("{FAE04EC0-301F-11D3-BF4B-00C04F79EFBC}") = "Health Bars", "Health Bars.csproj", "{F8D10B46-4B40-4F59-ADF8-A73E56607248}"
EndProject
Global
	GlobalSection(SolutionConfigurationPlatforms) = preSolution
		Debug|Any CPU = Debug|Any CPU
		Release|Any CPU = Release|Any CPU
	EndGlobalSection
	GlobalSection(ProjectConfigurationPlatforms) = postSolution
		{F8D10B46-4B40-4F59-ADF8-A73E56607248}.Debug|Any CPU.ActiveCfg = Debug|Any CPU
		{F8D10B46-4B40-4F59-ADF8-A73E56607248}.Debug|Any CPU.Build.0 = Debug|Any CPU
		{F8D10B46-4B40-4F59-ADF8-A73E56607248}.Release|Any CPU.ActiveCfg = Release|Any CPU
		{F8D10B46-4B40-4F59-ADF8-A73E56607248}.Release|Any CPU.Build.0 = Release|Any CPU
	EndGlobalSection
	GlobalSection(SolutionProperties) = preSolution
		HideSolutionNode = FALSE
	EndGlobalSection
	GlobalSection(ExtensibilityGlobals) = postSolution
		SolutionGuid = {AD5AC15D-0A34-4734-986A-B5B0DBA89C40}
	EndGlobalSection
EndGlobal
